
Microsoft Visual Studio Solution File, Format Version 12.00
# Visual Studio 15
Project("{FAE04EC0-301F-11D3-BF4B-00C04F79EFBC}") = "Features", "Features\Features.csproj", "{1CE4AF68-EFD4-487E-B6CD-BB47A07D6794}"
EndProject
Project("{FAE04EC0-301F-11D3-BF4B-00C04F79EFBC}") = "Queries", "Queries\Queries.csproj", "{56CEC021-5B79-43E6-91FC-07ECD0267000}"
EndProject
Project("{FAE04EC0-301F-11D3-BF4B-00C04F79EFBC}") = "Cars", "Cars\Cars.csproj", "{E9C66819-968B-4240-BD51-42104909B735}"
EndProject
Global
	GlobalSection(SolutionConfigurationPlatforms) = preSolution
		Debug|Any CPU = Debug|Any CPU
		Release|Any CPU = Release|Any CPU
	EndGlobalSection
	GlobalSection(ProjectConfigurationPlatforms) = postSolution
		{1CE4AF68-EFD4-487E-B6CD-BB47A07D6794}.Debug|Any CPU.ActiveCfg = Debug|Any CPU
		{1CE4AF68-EFD4-487E-B6CD-BB47A07D6794}.Debug|Any CPU.Build.0 = Debug|Any CPU
		{1CE4AF68-EFD4-487E-B6CD-BB47A07D6794}.Release|Any CPU.ActiveCfg = Release|Any CPU
		{1CE4AF68-EFD4-487E-B6CD-BB47A07D6794}.Release|Any CPU.Build.0 = Release|Any CPU
		{56CEC021-5B79-43E6-91FC-07ECD0267000}.Debug|Any CPU.ActiveCfg = Debug|Any CPU
		{56CEC021-5B79-43E6-91FC-07ECD0267000}.Debug|Any CPU.Build.0 = Debug|Any CPU
		{56CEC021-5B79-43E6-91FC-07ECD0267000}.Release|Any CPU.ActiveCfg = Release|Any CPU
		{56CEC021-5B79-43E6-91FC-07ECD0267000}.Release|Any CPU.Build.0 = Release|Any CPU
		{E9C66819-968B-4240-BD51-42104909B735}.Debug|Any CPU.ActiveCfg = Debug|Any CPU
		{E9C66819-968B-4240-BD51-42104909B735}.Debug|Any CPU.Build.0 = Debug|Any CPU
		{E9C66819-968B-4240-BD51-42104909B735}.Release|Any CPU.ActiveCfg = Release|Any CPU
		{E9C66819-968B-4240-BD51-42104909B735}.Release|Any CPU.Build.0 = Release|Any CPU
	EndGlobalSection
	GlobalSection(MonoDevelopProperties) = preSolution
		Policies = $0
		$0.DotNetNamingPolicy = $1
		$1.DirectoryNamespaceAssociation = PrefixedHierarchical
		$0.VersionControlPolicy = $2
	EndGlobalSection
EndGlobal
